{
  "nodes": {
    "darwin": {
      "inputs": {
        "nixpkgs": [
          "nixpkgs"
        ]
      },
      "locked": {
        "lastModified": 1660683313,
        "narHash": "sha256-0UlR9yu4mwwKWeks7lMXTnljBehgYvx2ELVbKSM51kU=",
        "owner": "yonran",
        "repo": "nix-darwin",
        "rev": "2120245fc210af504686da80ea3dfff27ef22b9e",
        "type": "github"
      },
      "original": {
        "owner": "yonran",
        "ref": "387-no-developer-tools-were-found",
        "repo": "nix-darwin",
        "type": "github"
      }
    },
    "nixpkgs": {
      "locked": {
        "lastModified": 1660550832,
        "narHash": "sha256-k2bo7kS58YAE+hfuOYsfk49T/okvDRqH1XRO2wDUNiI=",
        "owner": "nixos",
        "repo": "nixpkgs",
        "rev": "5cc1c4438ae75888aa5f80ba125273f07ec07b76",
        "type": "github"
      },
      "original": {
        "owner": "nixos",
        "ref": "nixpkgs-22.05-darwin",
        "repo": "nixpkgs",
        "type": "github"
      }
    },
    "root": {
      "inputs": {
        "darwin": "darwin",
        "nixpkgs": "nixpkgs"
      }
    }
  },
  "root": "root",
  "version": 7
}
