{
  "nodes": {
    "darwin": {
      "inputs": {
        "nixpkgs": [
          "nixpkgs"
        ]
      },
      "locked": {
        "lastModified": 1660683313,
        "narHash": "sha256-0UlR9yu4mwwKWeks7lMXTnljBehgYvx2ELVbKSM51kU=",
        "owner": "yonran",
        "repo": "nix-darwin",
        "rev": "2120245fc210af504686da80ea3dfff27ef22b9e",
        "type": "github"
      },
      "original": {
        "owner": "yonran",
        "ref": "387-no-developer-tools-were-found",
        "repo": "nix-darwin",
        "type": "github"
      }
    },
    "nixpkgs": {
      "locked": {
        "lastModified": 1667426640,
        "narHash": "sha256-zJFPcWL9i0Y1BqzqEa8RKx+SiUgupHhYqPDCaFmlBpw=",
        "owner": "nixos",
        "repo": "nixpkgs",
        "rev": "636051e353461f073ac55d5d42c1ed062a345046",
        "type": "github"
      },
      "original": {
        "owner": "nixos",
        "ref": "nixos-unstable",
        "repo": "nixpkgs",
        "type": "github"
      }
    },
    "root": {
      "inputs": {
        "darwin": "darwin",
        "nixpkgs": "nixpkgs"
      }
    }
  },
  "root": "root",
  "version": 7
}
